// !$*UTF8*$!
{
	archiveVersion = 1;
	classes = {
	};
	objectVersion = 50;
	objects = {

/* Begin PBXBuildFile section */
		A07830502540F99000A71969 /* ForCreatorLifeCycleApp.swift in Sources */ = {isa = PBXBuildFile; fileRef = A078303D2540F98F00A71969 /* ForCreatorLifeCycleApp.swift */; };
		A07830512540F99000A71969 /* ForCreatorLifeCycleApp.swift in Sources */ = {isa = PBXBuildFile; fileRef = A078303D2540F98F00A71969 /* ForCreatorLifeCycleApp.swift */; };
		A07830522540F99000A71969 /* ContentView.swift in Sources */ = {isa = PBXBuildFile; fileRef = A078303E2540F98F00A71969 /* ContentView.swift */; };
		A07830532540F99000A71969 /* ContentView.swift in Sources */ = {isa = PBXBuildFile; fileRef = A078303E2540F98F00A71969 /* ContentView.swift */; };
		A07830542540F99000A71969 /* Assets.xcassets in Resources */ = {isa = PBXBuildFile; fileRef = A078303F2540F99000A71969 /* Assets.xcassets */; };
		A07830552540F99000A71969 /* Assets.xcassets in Resources */ = {isa = PBXBuildFile; fileRef = A078303F2540F99000A71969 /* Assets.xcassets */; };
/* End PBXBuildFile section */

/* Begin PBXFileReference section */
		A078303D2540F98F00A71969 /* ForCreatorLifeCycleApp.swift */ = {isa = PBXFileReference; lastKnownFileType = sourcecode.swift; path = ForCreatorLifeCycleApp.swift; sourceTree = "<group>"; };
		A078303E2540F98F00A71969 /* ContentView.swift */ = {isa = PBXFileReference; lastKnownFileType = sourcecode.swift; path = ContentView.swift; sourceTree = "<group>"; };
		A078303F2540F99000A71969 /* Assets.xcassets */ = {isa = PBXFileReference; lastKnownFileType = folder.assetcatalog; path = Assets.xcassets; sourceTree = "<group>"; };
		A07830442540F99000A71969 /* ForCreatorLifeCycle.app */ = {isa = PBXFileReference; explicitFileType = wrapper.application; includeInIndex = 0; path = ForCreatorLifeCycle.app; sourceTree = BUILT_PRODUCTS_DIR; };
		A07830472540F99000A71969 /* Info.plist */ = {isa = PBXFileReference; lastKnownFileType = text.plist.xml; path = Info.plist; sourceTree = "<group>"; };
		A078304C2540F99000A71969 /* ForCreatorLifeCycle.app */ = {isa = PBXFileReference; explicitFileType = wrapper.application; includeInIndex = 0; path = ForCreatorLifeCycle.app; sourceTree = BUILT_PRODUCTS_DIR; };
		A078304E2540F99000A71969 /* Info.plist */ = {isa = PBXFileReference; lastKnownFileType = text.plist.xml; path = Info.plist; sourceTree = "<group>"; };
		A078304F2540F99000A71969 /* macOS.entitlements */ = {isa = PBXFileReference; lastKnownFileType = text.plist.entitlements; path = macOS.entitlements; sourceTree = "<group>"; };
/* End PBXFileReference section */

/* Begin PBXFrameworksBuildPhase section */
		A07830412540F99000A71969 /* Frameworks */ = {
			isa = PBXFrameworksBuildPhase;
			buildActionMask = 2147483647;
			files = (
			);
			runOnlyForDeploymentPostprocessing = 0;
		};
		A07830492540F99000A71969 /* Frameworks */ = {
			isa = PBXFrameworksBuildPhase;
			buildActionMask = 2147483647;
			files = (
			);
			runOnlyForDeploymentPostprocessing = 0;
		};
/* End PBXFrameworksBuildPhase section */

/* Begin PBXGroup section */
		A07830372540F98F00A71969 = {
			isa = PBXGroup;
			children = (
				A078303C2540F98F00A71969 /* Shared */,
				A07830462540F99000A71969 /* iOS */,
				A078304D2540F99000A71969 /* macOS */,
				A07830452540F99000A71969 /* Products */,
			);
			sourceTree = "<group>";
		};
		A078303C2540F98F00A71969 /* Shared */ = {
			isa = PBXGroup;
			children = (
				A078303D2540F98F00A71969 /* ForCreatorLifeCycleApp.swift */,
				A078303E2540F98F00A71969 /* ContentView.swift */,
				A078303F2540F99000A71969 /* Assets.xcassets */,
			);
			path = Shared;
			sourceTree = "<group>";
		};
		A07830452540F99000A71969 /* Products */ = {
			isa = PBXGroup;
			children = (
				A07830442540F99000A71969 /* ForCreatorLifeCycle.app */,
				A078304C2540F99000A71969 /* ForCreatorLifeCycle.app */,
			);
			name = Products;
			sourceTree = "<group>";
		};
		A07830462540F99000A71969 /* iOS */ = {
			isa = PBXGroup;
			children = (
				A07830472540F99000A71969 /* Info.plist */,
			);
			path = iOS;
			sourceTree = "<group>";
		};
		A078304D2540F99000A71969 /* macOS */ = {
			isa = PBXGroup;
			children = (
				A078304E2540F99000A71969 /* Info.plist */,
				A078304F2540F99000A71969 /* macOS.entitlements */,
			);
			path = macOS;
			sourceTree = "<group>";
		};
/* End PBXGroup section */

/* Begin PBXNativeTarget section */
		A07830432540F99000A71969 /* ForCreatorLifeCycle (iOS) */ = {
			isa = PBXNativeTarget;
			buildConfigurationList = A07830582540F99000A71969 /* Build configuration list for PBXNativeTarget "ForCreatorLifeCycle (iOS)" */;
			buildPhases = (
				A07830402540F99000A71969 /* Sources */,
				A07830412540F99000A71969 /* Frameworks */,
				A07830422540F99000A71969 /* Resources */,
			);
			buildRules = (
			);
			dependencies = (
			);
			name = "ForCreatorLifeCycle (iOS)";
			productName = "ForCreatorLifeCycle (iOS)";
			productReference = A07830442540F99000A71969 /* ForCreatorLifeCycle.app */;
			productType = "com.apple.product-type.application";
		};
		A078304B2540F99000A71969 /* ForCreatorLifeCycle (macOS) */ = {
			isa = PBXNativeTarget;
			buildConfigurationList = A078305B2540F99000A71969 /* Build configuration list for PBXNativeTarget "ForCreatorLifeCycle (macOS)" */;
			buildPhases = (
				A07830482540F99000A71969 /* Sources */,
				A07830492540F99000A71969 /* Frameworks */,
				A078304A2540F99000A71969 /* Resources */,
			);
			buildRules = (
			);
			dependencies = (
			);
			name = "ForCreatorLifeCycle (macOS)";
			productName = "ForCreatorLifeCycle (macOS)";
			productReference = A078304C2540F99000A71969 /* ForCreatorLifeCycle.app */;
			productType = "com.apple.product-type.application";
		};
/* End PBXNativeTarget section */

/* Begin PBXProject section */
		A07830382540F98F00A71969 /* Project object */ = {
			isa = PBXProject;
			attributes = {
				LastSwiftUpdateCheck = 1220;
				LastUpgradeCheck = 1220;
				TargetAttributes = {
					A07830432540F99000A71969 = {
						CreatedOnToolsVersion = 12.2;
					};
					A078304B2540F99000A71969 = {
						CreatedOnToolsVersion = 12.2;
					};
				};
			};
			buildConfigurationList = A078303B2540F98F00A71969 /* Build configuration list for PBXProject "ForCreatorLifeCycle" */;
			compatibilityVersion = "Xcode 9.3";
			developmentRegion = en;
			hasScannedForEncodings = 0;
			knownRegions = (
				en,
				Base,
			);
			mainGroup = A07830372540F98F00A71969;
			productRefGroup = A07830452540F99000A71969 /* Products */;
			projectDirPath = "";
			projectRoot = "";
			targets = (
				A07830432540F99000A71969 /* ForCreatorLifeCycle (iOS) */,
				A078304B2540F99000A71969 /* ForCreatorLifeCycle (macOS) */,
			);
		};
/* End PBXProject section */

/* Begin PBXResourcesBuildPhase section */
		A07830422540F99000A71969 /* Resources */ = {
			isa = PBXResourcesBuildPhase;
			buildActionMask = 2147483647;
			files = (
				A07830542540F99000A71969 /* Assets.xcassets in Resources */,
			);
			runOnlyForDeploymentPostprocessing = 0;
		};
		A078304A2540F99000A71969 /* Resources */ = {
			isa = PBXResourcesBuildPhase;
			buildActionMask = 2147483647;
			files = (
				A07830552540F99000A71969 /* Assets.xcassets in Resources */,
			);
			runOnlyForDeploymentPostprocessing = 0;
		};
/* End PBXResourcesBuildPhase section */

/* Begin PBXSourcesBuildPhase section */
		A07830402540F99000A71969 /* Sources */ = {
			isa = PBXSourcesBuildPhase;
			buildActionMask = 2147483647;
			files = (
				A07830522540F99000A71969 /* ContentView.swift in Sources */,
				A07830502540F99000A71969 /* ForCreatorLifeCycleApp.swift in Sources */,
			);
			runOnlyForDeploymentPostprocessing = 0;
		};
		A07830482540F99000A71969 /* Sources */ = {
			isa = PBXSourcesBuildPhase;
			buildActionMask = 2147483647;
			files = (
				A07830532540F99000A71969 /* ContentView.swift in Sources */,
				A07830512540F99000A71969 /* ForCreatorLifeCycleApp.swift in Sources */,
			);
			runOnlyForDeploymentPostprocessing = 0;
		};
/* End PBXSourcesBuildPhase section */

/* Begin XCBuildConfiguration section */
		A07830562540F99000A71969 /* Debug */ = {
			isa = XCBuildConfiguration;
			buildSettings = {
				ALWAYS_SEARCH_USER_PATHS = NO;
				CLANG_ANALYZER_NONNULL = YES;
				CLANG_ANALYZER_NUMBER_OBJECT_CONVERSION = YES_AGGRESSIVE;
				CLANG_CXX_LANGUAGE_STANDARD = "gnu++14";
				CLANG_CXX_LIBRARY = "libc++";
				CLANG_ENABLE_MODULES = YES;
				CLANG_ENABLE_OBJC_ARC = YES;
				CLANG_ENABLE_OBJC_WEAK = YES;
				CLANG_WARN_BLOCK_CAPTURE_AUTORELEASING = YES;
				CLANG_WARN_BOOL_CONVERSION = YES;
				CLANG_WARN_COMMA = YES;
				CLANG_WARN_CONSTANT_CONVERSION = YES;
				CLANG_WARN_DEPRECATED_OBJC_IMPLEMENTATIONS = YES;
				CLANG_WARN_DIRECT_OBJC_ISA_USAGE = YES_ERROR;
				CLANG_WARN_DOCUMENTATION_COMMENTS = YES;
				CLANG_WARN_EMPTY_BODY = YES;
				CLANG_WARN_ENUM_CONVERSION = YES;
				CLANG_WARN_INFINITE_RECURSION = YES;
				CLANG_WARN_INT_CONVERSION = YES;
				CLANG_WARN_NON_LITERAL_NULL_CONVERSION = YES;
				CLANG_WARN_OBJC_IMPLICIT_RETAIN_SELF = YES;
				CLANG_WARN_OBJC_LITERAL_CONVERSION = YES;
				CLANG_WARN_OBJC_ROOT_CLASS = YES_ERROR;
				CLANG_WARN_QUOTED_INCLUDE_IN_FRAMEWORK_HEADER = YES;
				CLANG_WARN_RANGE_LOOP_ANALYSIS = YES;
				CLANG_WARN_STRICT_PROTOTYPES = YES;
				CLANG_WARN_SUSPICIOUS_MOVE = YES;
				CLANG_WARN_UNGUARDED_AVAILABILITY = YES_AGGRESSIVE;
				CLANG_WARN_UNREACHABLE_CODE = YES;
				CLANG_WARN__DUPLICATE_METHOD_MATCH = YES;
				COPY_PHASE_STRIP = NO;
				DEBUG_INFORMATION_FORMAT = dwarf;
				ENABLE_STRICT_OBJC_MSGSEND = YES;
				ENABLE_TESTABILITY = YES;
				GCC_C_LANGUAGE_STANDARD = gnu11;
				GCC_DYNAMIC_NO_PIC = NO;
				GCC_NO_COMMON_BLOCKS = YES;
				GCC_OPTIMIZATION_LEVEL = 0;
				GCC_PREPROCESSOR_DEFINITIONS = (
					"DEBUG=1",
					"$(inherited)",
				);
				GCC_WARN_64_TO_32_BIT_CONVERSION = YES;
				GCC_WARN_ABOUT_RETURN_TYPE = YES_ERROR;
				GCC_WARN_UNDECLARED_SELECTOR = YES;
				GCC_WARN_UNINITIALIZED_AUTOS = YES_AGGRESSIVE;
				GCC_WARN_UNUSED_FUNCTION = YES;
				GCC_WARN_UNUSED_VARIABLE = YES;
				MTL_ENABLE_DEBUG_INFO = INCLUDE_SOURCE;
				MTL_FAST_MATH = YES;
				ONLY_ACTIVE_ARCH = YES;
				SWIFT_ACTIVE_COMPILATION_CONDITIONS = DEBUG;
				SWIFT_OPTIMIZATION_LEVEL = "-Onone";
			};
			name = Debug;
		};
		A07830572540F99000A71969 /* Release */ = {
			isa = XCBuildConfiguration;
			buildSettings = {
				ALWAYS_SEARCH_USER_PATHS = NO;
				CLANG_ANALYZER_NONNULL = YES;
				CLANG_ANALYZER_NUMBER_OBJECT_CONVERSION = YES_AGGRESSIVE;
				CLANG_CXX_LANGUAGE_STANDARD = "gnu++14";
				CLANG_CXX_LIBRARY = "libc++";
				CLANG_ENABLE_MODULES = YES;
				CLANG_ENABLE_OBJC_ARC = YES;
				CLANG_ENABLE_OBJC_WEAK = YES;
				CLANG_WARN_BLOCK_CAPTURE_AUTORELEASING = YES;
				CLANG_WARN_BOOL_CONVERSION = YES;
				CLANG_WARN_COMMA = YES;
				CLANG_WARN_CONSTANT_CONVERSION = YES;
				CLANG_WARN_DEPRECATED_OBJC_IMPLEMENTATIONS = YES;
				CLANG_WARN_DIRECT_OBJC_ISA_USAGE = YES_ERROR;
				CLANG_WARN_DOCUMENTATION_COMMENTS = YES;
				CLANG_WARN_EMPTY_BODY = YES;
				CLANG_WARN_ENUM_CONVERSION = YES;
				CLANG_WARN_INFINITE_RECURSION = YES;
				CLANG_WARN_INT_CONVERSION = YES;
				CLANG_WARN_NON_LITERAL_NULL_CONVERSION = YES;
				CLANG_WARN_OBJC_IMPLICIT_RETAIN_SELF = YES;
				CLANG_WARN_OBJC_LITERAL_CONVERSION = YES;
				CLANG_WARN_OBJC_ROOT_CLASS = YES_ERROR;
				CLANG_WARN_QUOTED_INCLUDE_IN_FRAMEWORK_HEADER = YES;
				CLANG_WARN_RANGE_LOOP_ANALYSIS = YES;
				CLANG_WARN_STRICT_PROTOTYPES = YES;
				CLANG_WARN_SUSPICIOUS_MOVE = YES;
				CLANG_WARN_UNGUARDED_AVAILABILITY = YES_AGGRESSIVE;
				CLANG_WARN_UNREACHABLE_CODE = YES;
				CLANG_WARN__DUPLICATE_METHOD_MATCH = YES;
				COPY_PHASE_STRIP = NO;
				DEBUG_INFORMATION_FORMAT = "dwarf-with-dsym";
				ENABLE_NS_ASSERTIONS = NO;
				ENABLE_STRICT_OBJC_MSGSEND = YES;
				GCC_C_LANGUAGE_STANDARD = gnu11;
				GCC_NO_COMMON_BLOCKS = YES;
				GCC_WARN_64_TO_32_BIT_CONVERSION = YES;
				GCC_WARN_ABOUT_RETURN_TYPE = YES_ERROR;
				GCC_WARN_UNDECLARED_SELECTOR = YES;
				GCC_WARN_UNINITIALIZED_AUTOS = YES_AGGRESSIVE;
				GCC_WARN_UNUSED_FUNCTION = YES;
				GCC_WARN_UNUSED_VARIABLE = YES;
				MTL_ENABLE_DEBUG_INFO = NO;
				MTL_FAST_MATH = YES;
				SWIFT_COMPILATION_MODE = wholemodule;
				SWIFT_OPTIMIZATION_LEVEL = "-O";
			};
			name = Release;
		};
		A07830592540F99000A71969 /* Debug */ = {
			isa = XCBuildConfiguration;
			buildSettings = {
				ASSETCATALOG_COMPILER_APPICON_NAME = AppIcon;
				ASSETCATALOG_COMPILER_GLOBAL_ACCENT_COLOR_NAME = AccentColor;
				CODE_SIGN_STYLE = Automatic;
				DEVELOPMENT_TEAM = 4DENVHJV75;
				ENABLE_PREVIEWS = YES;
				INFOPLIST_FILE = iOS/Info.plist;
				IPHONEOS_DEPLOYMENT_TARGET = 14.0;
				LD_RUNPATH_SEARCH_PATHS = (
					"$(inherited)",
					"@executable_path/Frameworks",
				);
				PRODUCT_BUNDLE_IDENTIFIER = me.legolas.ForCreatorLifeCycle;
				PRODUCT_NAME = ForCreatorLifeCycle;
				SDKROOT = iphoneos;
				SWIFT_VERSION = 5.0;
				TARGETED_DEVICE_FAMILY = "1,2";
			};
			name = Debug;
		};
		A078305A2540F99000A71969 /* Release */ = {
			isa = XCBuildConfiguration;
			buildSettings = {
				ASSETCATALOG_COMPILER_APPICON_NAME = AppIcon;
				ASSETCATALOG_COMPILER_GLOBAL_ACCENT_COLOR_NAME = AccentColor;
				CODE_SIGN_STYLE = Automatic;
				DEVELOPMENT_TEAM = 4DENVHJV75;
				ENABLE_PREVIEWS = YES;
				INFOPLIST_FILE = iOS/Info.plist;
				IPHONEOS_DEPLOYMENT_TARGET = 14.0;
				LD_RUNPATH_SEARCH_PATHS = (
					"$(inherited)",
					"@executable_path/Frameworks",
				);
				PRODUCT_BUNDLE_IDENTIFIER = me.legolas.ForCreatorLifeCycle;
				PRODUCT_NAME = ForCreatorLifeCycle;
				SDKROOT = iphoneos;
				SWIFT_VERSION = 5.0;
				TARGETED_DEVICE_FAMILY = "1,2";
				VALIDATE_PRODUCT = YES;
			};
			name = Release;
		};
		A078305C2540F99000A71969 /* Debug */ = {
			isa = XCBuildConfiguration;
			buildSettings = {
				ASSETCATALOG_COMPILER_APPICON_NAME = AppIcon;
				ASSETCATALOG_COMPILER_GLOBAL_ACCENT_COLOR_NAME = AccentColor;
				CODE_SIGN_ENTITLEMENTS = macOS/macOS.entitlements;
				CODE_SIGN_STYLE = Automatic;
				COMBINE_HIDPI_IMAGES = YES;
				DEVELOPMENT_TEAM = 4DENVHJV75;
				ENABLE_HARDENED_RUNTIME = YES;
				ENABLE_PREVIEWS = YES;
				INFOPLIST_FILE = macOS/Info.plist;
				LD_RUNPATH_SEARCH_PATHS = (
					"$(inherited)",
					"@executable_path/../Frameworks",
				);
				MACOSX_DEPLOYMENT_TARGET = 11.0;
				PRODUCT_BUNDLE_IDENTIFIER = me.legolas.ForCreatorLifeCycle;
				PRODUCT_NAME = ForCreatorLifeCycle;
				SDKROOT = macosx;
				SWIFT_VERSION = 5.0;
			};
			name = Debug;
		};
		A078305D2540F99000A71969 /* Release */ = {
			isa = XCBuildConfiguration;
			buildSettings = {
				ASSETCATALOG_COMPILER_APPICON_NAME = AppIcon;
				ASSETCATALOG_COMPILER_GLOBAL_ACCENT_COLOR_NAME = AccentColor;
				CODE_SIGN_ENTITLEMENTS = macOS/macOS.entitlements;
				CODE_SIGN_STYLE = Automatic;
				COMBINE_HIDPI_IMAGES = YES;
				DEVELOPMENT_TEAM = 4DENVHJV75;
				ENABLE_HARDENED_RUNTIME = YES;
				ENABLE_PREVIEWS = YES;
				INFOPLIST_FILE = macOS/Info.plist;
				LD_RUNPATH_SEARCH_PATHS = (
					"$(inherited)",
					"@executable_path/../Frameworks",
				);
				MACOSX_DEPLOYMENT_TARGET = 11.0;
				PRODUCT_BUNDLE_IDENTIFIER = me.legolas.ForCreatorLifeCycle;
				PRODUCT_NAME = ForCreatorLifeCycle;
				SDKROOT = macosx;
				SWIFT_VERSION = 5.0;
			};
			name = Release;
		};
/* End XCBuildConfiguration section */

/* Begin XCConfigurationList section */
		A078303B2540F98F00A71969 /* Build configuration list for PBXProject "ForCreatorLifeCycle" */ = {
			isa = XCConfigurationList;
			buildConfigurations = (
				A07830562540F99000A71969 /* Debug */,
				A07830572540F99000A71969 /* Release */,
			);
			defaultConfigurationIsVisible = 0;
			defaultConfigurationName = Release;
		};
		A07830582540F99000A71969 /* Build configuration list for PBXNativeTarget "ForCreatorLifeCycle (iOS)" */ = {
			isa = XCConfigurationList;
			buildConfigurations = (
				A07830592540F99000A71969 /* Debug */,
				A078305A2540F99000A71969 /* Release */,
			);
			defaultConfigurationIsVisible = 0;
			defaultConfigurationName = Release;
		};
		A078305B2540F99000A71969 /* Build configuration list for PBXNativeTarget "ForCreatorLifeCycle (macOS)" */ = {
			isa = XCConfigurationList;
			buildConfigurations = (
				A078305C2540F99000A71969 /* Debug */,
				A078305D2540F99000A71969 /* Release */,
			);
			defaultConfigurationIsVisible = 0;
			defaultConfigurationName = Release;
		};
/* End XCConfigurationList section */
	};
	rootObject = A07830382540F98F00A71969 /* Project object */;
}
